
Microsoft Visual Studio Solution File, Format Version 11.00
# Visual Studio 2010
Project("{FAE04EC0-301F-11D3-BF4B-00C04F79EFBC}") = "BLL", "BLL\BLL.csproj", "{33F04C8D-69FA-4E12-A4E1-E742FEA03C47}"
EndProject
Project("{FAE04EC0-301F-11D3-BF4B-00C04F79EFBC}") = "Common", "Common\Common.csproj", "{305CD9D5-D6BB-4B27-860C-2E6CAD79BBE5}"
EndProject
Project("{FAE04EC0-301F-11D3-BF4B-00C04F79EFBC}") = "DALFactory", "DALFactory\DALFactory.csproj", "{46B40063-F59C-45CC-A4D7-D1C9852D3C8F}"
EndProject
Project("{FAE04EC0-301F-11D3-BF4B-00C04F79EFBC}") = "DataProxy", "DataProxy\DataProxy.csproj", "{9DAC29D8-747F-431E-AA3B-6A6DB65FC2A7}"
EndProject
Project("{FAE04EC0-301F-11D3-BF4B-00C04F79EFBC}") = "DBUtility", "DBUtility\DBUtility.csproj", "{3CA68C1A-D8B0-4430-992B-BB7C6F970FE7}"
EndProject
Project("{FAE04EC0-301F-11D3-BF4B-00C04F79EFBC}") = "IDAL", "IDAL\IDAL.csproj", "{BEDB9617-AAC9-4609-B87E-69D196C7BBD4}"
EndProject
Project("{FAE04EC0-301F-11D3-BF4B-00C04F79EFBC}") = "Model", "Model\Model.csproj", "{8C0611C5-0162-4CB8-A99E-2BEF876B22D6}"
EndProject
Project("{FAE04EC0-301F-11D3-BF4B-00C04F79EFBC}") = "OracleDAL", "OracleDAL\OracleDAL.csproj", "{79CF6F81-2C31-4AD5-AAD5-595E0D8261CD}"
EndProject
Project("{FAE04EC0-301F-11D3-BF4B-00C04F79EFBC}") = "SQLServerDAL", "SQLServerDAL\SQLServerDAL.csproj", "{F2342DDB-51F8-4C25-A4BA-D23572E131D2}"
EndProject
Project("{FAE04EC0-301F-11D3-BF4B-00C04F79EFBC}") = "Web", "Web\Web.csproj", "{526C29FE-6B75-4C15-AE7C-19E2C695AE38}"
EndProject
Project("{FAE04EC0-301F-11D3-BF4B-00C04F79EFBC}") = "WebApp", "WebApp\WebApp.csproj", "{3B8F18A9-D823-4D32-80C7-838A16FFE337}"
EndProject
Project("{FAE04EC0-301F-11D3-BF4B-00C04F79EFBC}") = "WebUtility", "WebUtility\WebUtility.csproj", "{71192E07-4F71-4A9C-B3C0-EF1CC48ECF1F}"
EndProject
Global
	GlobalSection(SolutionConfigurationPlatforms) = preSolution
		Debug|Any CPU = Debug|Any CPU
		Release|Any CPU = Release|Any CPU
	EndGlobalSection
	GlobalSection(ProjectConfigurationPlatforms) = postSolution
		{33F04C8D-69FA-4E12-A4E1-E742FEA03C47}.Debug|Any CPU.ActiveCfg = Debug|Any CPU
		{33F04C8D-69FA-4E12-A4E1-E742FEA03C47}.Debug|Any CPU.Build.0 = Debug|Any CPU
		{33F04C8D-69FA-4E12-A4E1-E742FEA03C47}.Release|Any CPU.ActiveCfg = Release|Any CPU
		{33F04C8D-69FA-4E12-A4E1-E742FEA03C47}.Release|Any CPU.Build.0 = Release|Any CPU
		{305CD9D5-D6BB-4B27-860C-2E6CAD79BBE5}.Debug|Any CPU.ActiveCfg = Debug|Any CPU
		{305CD9D5-D6BB-4B27-860C-2E6CAD79BBE5}.Debug|Any CPU.Build.0 = Debug|Any CPU
		{305CD9D5-D6BB-4B27-860C-2E6CAD79BBE5}.Release|Any CPU.ActiveCfg = Release|Any CPU
		{305CD9D5-D6BB-4B27-860C-2E6CAD79BBE5}.Release|Any CPU.Build.0 = Release|Any CPU
		{46B40063-F59C-45CC-A4D7-D1C9852D3C8F}.Debug|Any CPU.ActiveCfg = Debug|Any CPU
		{46B40063-F59C-45CC-A4D7-D1C9852D3C8F}.Debug|Any CPU.Build.0 = Debug|Any CPU
		{46B40063-F59C-45CC-A4D7-D1C9852D3C8F}.Release|Any CPU.ActiveCfg = Release|Any CPU
		{46B40063-F59C-45CC-A4D7-D1C9852D3C8F}.Release|Any CPU.Build.0 = Release|Any CPU
		{9DAC29D8-747F-431E-AA3B-6A6DB65FC2A7}.Debug|Any CPU.ActiveCfg = Debug|Any CPU
		{9DAC29D8-747F-431E-AA3B-6A6DB65FC2A7}.Debug|Any CPU.Build.0 = Debug|Any CPU
		{9DAC29D8-747F-431E-AA3B-6A6DB65FC2A7}.Release|Any CPU.ActiveCfg = Release|Any CPU
		{9DAC29D8-747F-431E-AA3B-6A6DB65FC2A7}.Release|Any CPU.Build.0 = Release|Any CPU
		{3CA68C1A-D8B0-4430-992B-BB7C6F970FE7}.Debug|Any CPU.ActiveCfg = Debug|Any CPU
		{3CA68C1A-D8B0-4430-992B-BB7C6F970FE7}.Debug|Any CPU.Build.0 = Debug|Any CPU
		{3CA68C1A-D8B0-4430-992B-BB7C6F970FE7}.Release|Any CPU.ActiveCfg = Release|Any CPU
		{3CA68C1A-D8B0-4430-992B-BB7C6F970FE7}.Release|Any CPU.Build.0 = Release|Any CPU
		{BEDB9617-AAC9-4609-B87E-69D196C7BBD4}.Debug|Any CPU.ActiveCfg = Debug|Any CPU
		{BEDB9617-AAC9-4609-B87E-69D196C7BBD4}.Debug|Any CPU.Build.0 = Debug|Any CPU
		{BEDB9617-AAC9-4609-B87E-69D196C7BBD4}.Release|Any CPU.ActiveCfg = Release|Any CPU
		{BEDB9617-AAC9-4609-B87E-69D196C7BBD4}.Release|Any CPU.Build.0 = Release|Any CPU
		{8C0611C5-0162-4CB8-A99E-2BEF876B22D6}.Debug|Any CPU.ActiveCfg = Debug|Any CPU
		{8C0611C5-0162-4CB8-A99E-2BEF876B22D6}.Debug|Any CPU.Build.0 = Debug|Any CPU
		{8C0611C5-0162-4CB8-A99E-2BEF876B22D6}.Release|Any CPU.ActiveCfg = Release|Any CPU
		{8C0611C5-0162-4CB8-A99E-2BEF876B22D6}.Release|Any CPU.Build.0 = Release|Any CPU
		{79CF6F81-2C31-4AD5-AAD5-595E0D8261CD}.Debug|Any CPU.ActiveCfg = Debug|Any CPU
		{79CF6F81-2C31-4AD5-AAD5-595E0D8261CD}.Debug|Any CPU.Build.0 = Debug|Any CPU
		{79CF6F81-2C31-4AD5-AAD5-595E0D8261CD}.Release|Any CPU.ActiveCfg = Release|Any CPU
		{79CF6F81-2C31-4AD5-AAD5-595E0D8261CD}.Release|Any CPU.Build.0 = Release|Any CPU
		{F2342DDB-51F8-4C25-A4BA-D23572E131D2}.Debug|Any CPU.ActiveCfg = Debug|Any CPU
		{F2342DDB-51F8-4C25-A4BA-D23572E131D2}.Debug|Any CPU.Build.0 = Debug|Any CPU
		{F2342DDB-51F8-4C25-A4BA-D23572E131D2}.Release|Any CPU.ActiveCfg = Release|Any CPU
		{F2342DDB-51F8-4C25-A4BA-D23572E131D2}.Release|Any CPU.Build.0 = Release|Any CPU
		{526C29FE-6B75-4C15-AE7C-19E2C695AE38}.Debug|Any CPU.ActiveCfg = Debug|Any CPU
		{526C29FE-6B75-4C15-AE7C-19E2C695AE38}.Debug|Any CPU.Build.0 = Debug|Any CPU
		{526C29FE-6B75-4C15-AE7C-19E2C695AE38}.Release|Any CPU.ActiveCfg = Release|Any CPU
		{526C29FE-6B75-4C15-AE7C-19E2C695AE38}.Release|Any CPU.Build.0 = Release|Any CPU
		{3B8F18A9-D823-4D32-80C7-838A16FFE337}.Debug|Any CPU.ActiveCfg = Debug|Any CPU
		{3B8F18A9-D823-4D32-80C7-838A16FFE337}.Debug|Any CPU.Build.0 = Debug|Any CPU
		{3B8F18A9-D823-4D32-80C7-838A16FFE337}.Release|Any CPU.ActiveCfg = Release|Any CPU
		{3B8F18A9-D823-4D32-80C7-838A16FFE337}.Release|Any CPU.Build.0 = Release|Any CPU
		{71192E07-4F71-4A9C-B3C0-EF1CC48ECF1F}.Debug|Any CPU.ActiveCfg = Debug|Any CPU
		{71192E07-4F71-4A9C-B3C0-EF1CC48ECF1F}.Debug|Any CPU.Build.0 = Debug|Any CPU
		{71192E07-4F71-4A9C-B3C0-EF1CC48ECF1F}.Release|Any CPU.ActiveCfg = Release|Any CPU
		{71192E07-4F71-4A9C-B3C0-EF1CC48ECF1F}.Release|Any CPU.Build.0 = Release|Any CPU
	EndGlobalSection
	GlobalSection(SolutionProperties) = preSolution
		HideSolutionNode = FALSE
	EndGlobalSection
EndGlobal
